
Microsoft Visual Studio Solution File, Format Version 12.00
# Visual Studio 15
VisualStudioVersion = 15.0.26403.0
MinimumVisualStudioVersion = 10.0.40219.1
Project("{FAE04EC0-301F-11D3-BF4B-00C04F79EFBC}") = "CURPG_Engine", "CURPG-Engine\CURPG_Engine.csproj", "{B63EB4B1-B5B6-488A-905C-8B65234A5484}"
EndProject
Project("{FAE04EC0-301F-11D3-BF4B-00C04F79EFBC}") = "CURPG_Graphical_MonoGame_Windows", "CURPG_Graphical_MonoGame_Windows\CURPG_Graphical_MonoGame_Windows.csproj", "{8869AA7E-A0AB-40DE-B4FF-9E173D9DA19A}"
EndProject
Project("{FAE04EC0-301F-11D3-BF4B-00C04F79EFBC}") = "CURPG_TestBot", "CURPG_TestBot\CURPG_TestBot.csproj", "{EA0E76E1-C6CC-4D42-8778-CA3A16053A09}"
EndProject
Global
	GlobalSection(SolutionConfigurationPlatforms) = preSolution
		Debug|Any CPU = Debug|Any CPU
		Debug|x86 = Debug|x86
		Release|Any CPU = Release|Any CPU
		Release|x86 = Release|x86
	EndGlobalSection
	GlobalSection(ProjectConfigurationPlatforms) = postSolution
		{B63EB4B1-B5B6-488A-905C-8B65234A5484}.Debug|Any CPU.ActiveCfg = Debug|Any CPU
		{B63EB4B1-B5B6-488A-905C-8B65234A5484}.Debug|Any CPU.Build.0 = Debug|Any CPU
		{B63EB4B1-B5B6-488A-905C-8B65234A5484}.Debug|x86.ActiveCfg = Debug|Any CPU
		{B63EB4B1-B5B6-488A-905C-8B65234A5484}.Debug|x86.Build.0 = Debug|Any CPU
		{B63EB4B1-B5B6-488A-905C-8B65234A5484}.Release|Any CPU.ActiveCfg = Release|Any CPU
		{B63EB4B1-B5B6-488A-905C-8B65234A5484}.Release|Any CPU.Build.0 = Release|Any CPU
		{B63EB4B1-B5B6-488A-905C-8B65234A5484}.Release|x86.ActiveCfg = Release|Any CPU
		{B63EB4B1-B5B6-488A-905C-8B65234A5484}.Release|x86.Build.0 = Release|Any CPU
		{8869AA7E-A0AB-40DE-B4FF-9E173D9DA19A}.Debug|Any CPU.ActiveCfg = Debug|x86
		{8869AA7E-A0AB-40DE-B4FF-9E173D9DA19A}.Debug|Any CPU.Build.0 = Debug|x86
		{8869AA7E-A0AB-40DE-B4FF-9E173D9DA19A}.Debug|x86.ActiveCfg = Debug|x86
		{8869AA7E-A0AB-40DE-B4FF-9E173D9DA19A}.Debug|x86.Build.0 = Debug|x86
		{8869AA7E-A0AB-40DE-B4FF-9E173D9DA19A}.Release|Any CPU.ActiveCfg = Release|x86
		{8869AA7E-A0AB-40DE-B4FF-9E173D9DA19A}.Release|x86.ActiveCfg = Release|x86
		{8869AA7E-A0AB-40DE-B4FF-9E173D9DA19A}.Release|x86.Build.0 = Release|x86
		{EA0E76E1-C6CC-4D42-8778-CA3A16053A09}.Debug|Any CPU.ActiveCfg = Debug|Any CPU
		{EA0E76E1-C6CC-4D42-8778-CA3A16053A09}.Debug|Any CPU.Build.0 = Debug|Any CPU
		{EA0E76E1-C6CC-4D42-8778-CA3A16053A09}.Debug|x86.ActiveCfg = Debug|Any CPU
		{EA0E76E1-C6CC-4D42-8778-CA3A16053A09}.Debug|x86.Build.0 = Debug|Any CPU
		{EA0E76E1-C6CC-4D42-8778-CA3A16053A09}.Release|Any CPU.ActiveCfg = Release|Any CPU
		{EA0E76E1-C6CC-4D42-8778-CA3A16053A09}.Release|Any CPU.Build.0 = Release|Any CPU
		{EA0E76E1-C6CC-4D42-8778-CA3A16053A09}.Release|x86.ActiveCfg = Release|Any CPU
		{EA0E76E1-C6CC-4D42-8778-CA3A16053A09}.Release|x86.Build.0 = Release|Any CPU
	EndGlobalSection
	GlobalSection(SolutionProperties) = preSolution
		HideSolutionNode = FALSE
	EndGlobalSection
EndGlobal
